// !$*UTF8*$!
{
	archiveVersion = 1;
	classes = {
	};
	objectVersion = 46;
	objects = {

/* Begin PBXBuildFile section */
		AD5998B71E361F95001BFA44 /* AppDelegate.swift in Sources */ = {isa = PBXBuildFile; fileRef = AD5998B61E361F95001BFA44 /* AppDelegate.swift */; };
		AD5998B91E361F95001BFA44 /* ViewController.swift in Sources */ = {isa = PBXBuildFile; fileRef = AD5998B81E361F95001BFA44 /* ViewController.swift */; };
		AD5998BC1E361F95001BFA44 /* Main.storyboard in Resources */ = {isa = PBXBuildFile; fileRef = AD5998BA1E361F95001BFA44 /* Main.storyboard */; };
		AD5998BF1E361F95001BFA44 /* Sound_Board.xcdatamodeld in Sources */ = {isa = PBXBuildFile; fileRef = AD5998BD1E361F95001BFA44 /* Sound_Board.xcdatamodeld */; };
		AD5998C11E361F95001BFA44 /* Assets.xcassets in Resources */ = {isa = PBXBuildFile; fileRef = AD5998C01E361F95001BFA44 /* Assets.xcassets */; };
		AD5998C41E361F95001BFA44 /* LaunchScreen.storyboard in Resources */ = {isa = PBXBuildFile; fileRef = AD5998C21E361F95001BFA44 /* LaunchScreen.storyboard */; };
/* End PBXBuildFile section */

/* Begin PBXFileReference section */
		AD5998B31E361F95001BFA44 /* Sound Board.app */ = {isa = PBXFileReference; explicitFileType = wrapper.application; includeInIndex = 0; path = "Sound Board.app"; sourceTree = BUILT_PRODUCTS_DIR; };
		AD5998B61E361F95001BFA44 /* AppDelegate.swift */ = {isa = PBXFileReference; lastKnownFileType = sourcecode.swift; path = AppDelegate.swift; sourceTree = "<group>"; };
		AD5998B81E361F95001BFA44 /* ViewController.swift */ = {isa = PBXFileReference; lastKnownFileType = sourcecode.swift; path = ViewController.swift; sourceTree = "<group>"; };
		AD5998BB1E361F95001BFA44 /* Base */ = {isa = PBXFileReference; lastKnownFileType = file.storyboard; name = Base; path = Base.lproj/Main.storyboard; sourceTree = "<group>"; };
		AD5998BE1E361F95001BFA44 /* Sound_Board.xcdatamodel */ = {isa = PBXFileReference; lastKnownFileType = wrapper.xcdatamodel; path = Sound_Board.xcdatamodel; sourceTree = "<group>"; };
		AD5998C01E361F95001BFA44 /* Assets.xcassets */ = {isa = PBXFileReference; lastKnownFileType = folder.assetcatalog; path = Assets.xcassets; sourceTree = "<group>"; };
		AD5998C31E361F95001BFA44 /* Base */ = {isa = PBXFileReference; lastKnownFileType = file.storyboard; name = Base; path = Base.lproj/LaunchScreen.storyboard; sourceTree = "<group>"; };
		AD5998C51E361F95001BFA44 /* Info.plist */ = {isa = PBXFileReference; lastKnownFileType = text.plist.xml; path = Info.plist; sourceTree = "<group>"; };
/* End PBXFileReference section */

/* Begin PBXFrameworksBuildPhase section */
		AD5998B01E361F95001BFA44 /* Frameworks */ = {
			isa = PBXFrameworksBuildPhase;
			buildActionMask = 2147483647;
			files = (
			);
			runOnlyForDeploymentPostprocessing = 0;
		};
/* End PBXFrameworksBuildPhase section */

/* Begin PBXGroup section */
		AD5998AA1E361F95001BFA44 = {
			isa = PBXGroup;
			children = (
				AD5998B51E361F95001BFA44 /* Sound Board */,
				AD5998B41E361F95001BFA44 /* Products */,
			);
			sourceTree = "<group>";
		};
		AD5998B41E361F95001BFA44 /* Products */ = {
			isa = PBXGroup;
			children = (
				AD5998B31E361F95001BFA44 /* Sound Board.app */,
			);
			name = Products;
			sourceTree = "<group>";
		};
		AD5998B51E361F95001BFA44 /* Sound Board */ = {
			isa = PBXGroup;
			children = (
				AD5998B61E361F95001BFA44 /* AppDelegate.swift */,
				AD5998B81E361F95001BFA44 /* ViewController.swift */,
				AD5998BA1E361F95001BFA44 /* Main.storyboard */,
				AD5998C01E361F95001BFA44 /* Assets.xcassets */,
				AD5998C21E361F95001BFA44 /* LaunchScreen.storyboard */,
				AD5998C51E361F95001BFA44 /* Info.plist */,
				AD5998BD1E361F95001BFA44 /* Sound_Board.xcdatamodeld */,
			);
			path = "Sound Board";
			sourceTree = "<group>";
		};
/* End PBXGroup section */

/* Begin PBXNativeTarget section */
		AD5998B21E361F95001BFA44 /* Sound Board */ = {
			isa = PBXNativeTarget;
			buildConfigurationList = AD5998C81E361F95001BFA44 /* Build configuration list for PBXNativeTarget "Sound Board" */;
			buildPhases = (
				AD5998AF1E361F95001BFA44 /* Sources */,
				AD5998B01E361F95001BFA44 /* Frameworks */,
				AD5998B11E361F95001BFA44 /* Resources */,
			);
			buildRules = (
			);
			dependencies = (
			);
			name = "Sound Board";
			productName = "Sound Board";
			productReference = AD5998B31E361F95001BFA44 /* Sound Board.app */;
			productType = "com.apple.product-type.application";
		};
/* End PBXNativeTarget section */

/* Begin PBXProject section */
		AD5998AB1E361F95001BFA44 /* Project object */ = {
			isa = PBXProject;
			attributes = {
				LastSwiftUpdateCheck = 0820;
				LastUpgradeCheck = 0820;
				ORGANIZATIONNAME = "Criss code";
				TargetAttributes = {
					AD5998B21E361F95001BFA44 = {
						CreatedOnToolsVersion = 8.2.1;
						DevelopmentTeam = E652RL5GJV;
						ProvisioningStyle = Automatic;
					};
				};
			};
			buildConfigurationList = AD5998AE1E361F95001BFA44 /* Build configuration list for PBXProject "Sound Board" */;
			compatibilityVersion = "Xcode 3.2";
			developmentRegion = English;
			hasScannedForEncodings = 0;
			knownRegions = (
				en,
				Base,
			);
			mainGroup = AD5998AA1E361F95001BFA44;
			productRefGroup = AD5998B41E361F95001BFA44 /* Products */;
			projectDirPath = "";
			projectRoot = "";
			targets = (
				AD5998B21E361F95001BFA44 /* Sound Board */,
			);
		};
/* End PBXProject section */

/* Begin PBXResourcesBuildPhase section */
		AD5998B11E361F95001BFA44 /* Resources */ = {
			isa = PBXResourcesBuildPhase;
			buildActionMask = 2147483647;
			files = (
				AD5998C41E361F95001BFA44 /* LaunchScreen.storyboard in Resources */,
				AD5998C11E361F95001BFA44 /* Assets.xcassets in Resources */,
				AD5998BC1E361F95001BFA44 /* Main.storyboard in Resources */,
			);
			runOnlyForDeploymentPostprocessing = 0;
		};
/* End PBXResourcesBuildPhase section */

/* Begin PBXSourcesBuildPhase section */
		AD5998AF1E361F95001BFA44 /* Sources */ = {
			isa = PBXSourcesBuildPhase;
			buildActionMask = 2147483647;
			files = (
				AD5998BF1E361F95001BFA44 /* Sound_Board.xcdatamodeld in Sources */,
				AD5998B91E361F95001BFA44 /* ViewController.swift in Sources */,
				AD5998B71E361F95001BFA44 /* AppDelegate.swift in Sources */,
			);
			runOnlyForDeploymentPostprocessing = 0;
		};
/* End PBXSourcesBuildPhase section */

/* Begin PBXVariantGroup section */
		AD5998BA1E361F95001BFA44 /* Main.storyboard */ = {
			isa = PBXVariantGroup;
			children = (
				AD5998BB1E361F95001BFA44 /* Base */,
			);
			name = Main.storyboard;
			sourceTree = "<group>";
		};
		AD5998C21E361F95001BFA44 /* LaunchScreen.storyboard */ = {
			isa = PBXVariantGroup;
			children = (
				AD5998C31E361F95001BFA44 /* Base */,
			);
			name = LaunchScreen.storyboard;
			sourceTree = "<group>";
		};
/* End PBXVariantGroup section */

/* Begin XCBuildConfiguration section */
		AD5998C61E361F95001BFA44 /* Debug */ = {
			isa = XCBuildConfiguration;
			buildSettings = {
				ALWAYS_SEARCH_USER_PATHS = NO;
				CLANG_ANALYZER_NONNULL = YES;
				CLANG_CXX_LANGUAGE_STANDARD = "gnu++0x";
				CLANG_CXX_LIBRARY = "libc++";
				CLANG_ENABLE_MODULES = YES;
				CLANG_ENABLE_OBJC_ARC = YES;
				CLANG_WARN_BOOL_CONVERSION = YES;
				CLANG_WARN_CONSTANT_CONVERSION = YES;
				CLANG_WARN_DIRECT_OBJC_ISA_USAGE = YES_ERROR;
				CLANG_WARN_DOCUMENTATION_COMMENTS = YES;
				CLANG_WARN_EMPTY_BODY = YES;
				CLANG_WARN_ENUM_CONVERSION = YES;
				CLANG_WARN_INFINITE_RECURSION = YES;
				CLANG_WARN_INT_CONVERSION = YES;
				CLANG_WARN_OBJC_ROOT_CLASS = YES_ERROR;
				CLANG_WARN_SUSPICIOUS_MOVE = YES;
				CLANG_WARN_UNREACHABLE_CODE = YES;
				CLANG_WARN__DUPLICATE_METHOD_MATCH = YES;
				"CODE_SIGN_IDENTITY[sdk=iphoneos*]" = "iPhone Developer";
				COPY_PHASE_STRIP = NO;
				DEBUG_INFORMATION_FORMAT = dwarf;
				ENABLE_STRICT_OBJC_MSGSEND = YES;
				ENABLE_TESTABILITY = YES;
				GCC_C_LANGUAGE_STANDARD = gnu99;
				GCC_DYNAMIC_NO_PIC = NO;
				GCC_NO_COMMON_BLOCKS = YES;
				GCC_OPTIMIZATION_LEVEL = 0;
				GCC_PREPROCESSOR_DEFINITIONS = (
					"DEBUG=1",
					"$(inherited)",
				);
				GCC_WARN_64_TO_32_BIT_CONVERSION = YES;
				GCC_WARN_ABOUT_RETURN_TYPE = YES_ERROR;
				GCC_WARN_UNDECLARED_SELECTOR = YES;
				GCC_WARN_UNINITIALIZED_AUTOS = YES_AGGRESSIVE;
				GCC_WARN_UNUSED_FUNCTION = YES;
				GCC_WARN_UNUSED_VARIABLE = YES;
				IPHONEOS_DEPLOYMENT_TARGET = 10.2;
				MTL_ENABLE_DEBUG_INFO = YES;
				ONLY_ACTIVE_ARCH = YES;
				SDKROOT = iphoneos;
				SWIFT_ACTIVE_COMPILATION_CONDITIONS = DEBUG;
				SWIFT_OPTIMIZATION_LEVEL = "-Onone";
				TARGETED_DEVICE_FAMILY = "1,2";
			};
			name = Debug;
		};
		AD5998C71E361F95001BFA44 /* Release */ = {
			isa = XCBuildConfiguration;
			buildSettings = {
				ALWAYS_SEARCH_USER_PATHS = NO;
				CLANG_ANALYZER_NONNULL = YES;
				CLANG_CXX_LANGUAGE_STANDARD = "gnu++0x";
				CLANG_CXX_LIBRARY = "libc++";
				CLANG_ENABLE_MODULES = YES;
				CLANG_ENABLE_OBJC_ARC = YES;
				CLANG_WARN_BOOL_CONVERSION = YES;
				CLANG_WARN_CONSTANT_CONVERSION = YES;
				CLANG_WARN_DIRECT_OBJC_ISA_USAGE = YES_ERROR;
				CLANG_WARN_DOCUMENTATION_COMMENTS = YES;
				CLANG_WARN_EMPTY_BODY = YES;
				CLANG_WARN_ENUM_CONVERSION = YES;
				CLANG_WARN_INFINITE_RECURSION = YES;
				CLANG_WARN_INT_CONVERSION = YES;
				CLANG_WARN_OBJC_ROOT_CLASS = YES_ERROR;
				CLANG_WARN_SUSPICIOUS_MOVE = YES;
				CLANG_WARN_UNREACHABLE_CODE = YES;
				CLANG_WARN__DUPLICATE_METHOD_MATCH = YES;
				"CODE_SIGN_IDENTITY[sdk=iphoneos*]" = "iPhone Developer";
				COPY_PHASE_STRIP = NO;
				DEBUG_INFORMATION_FORMAT = "dwarf-with-dsym";
				ENABLE_NS_ASSERTIONS = NO;
				ENABLE_STRICT_OBJC_MSGSEND = YES;
				GCC_C_LANGUAGE_STANDARD = gnu99;
				GCC_NO_COMMON_BLOCKS = YES;
				GCC_WARN_64_TO_32_BIT_CONVERSION = YES;
				GCC_WARN_ABOUT_RETURN_TYPE = YES_ERROR;
				GCC_WARN_UNDECLARED_SELECTOR = YES;
				GCC_WARN_UNINITIALIZED_AUTOS = YES_AGGRESSIVE;
				GCC_WARN_UNUSED_FUNCTION = YES;
				GCC_WARN_UNUSED_VARIABLE = YES;
				IPHONEOS_DEPLOYMENT_TARGET = 10.2;
				MTL_ENABLE_DEBUG_INFO = NO;
				SDKROOT = iphoneos;
				SWIFT_OPTIMIZATION_LEVEL = "-Owholemodule";
				TARGETED_DEVICE_FAMILY = "1,2";
				VALIDATE_PRODUCT = YES;
			};
			name = Release;
		};
		AD5998C91E361F95001BFA44 /* Debug */ = {
			isa = XCBuildConfiguration;
			buildSettings = {
				ASSETCATALOG_COMPILER_APPICON_NAME = AppIcon;
				DEVELOPMENT_TEAM = E652RL5GJV;
				INFOPLIST_FILE = "Sound Board/Info.plist";
				LD_RUNPATH_SEARCH_PATHS = "$(inherited) @executable_path/Frameworks";
				PRODUCT_BUNDLE_IDENTIFIER = "com.crisscode.Sound-Board";
				PRODUCT_NAME = "$(TARGET_NAME)";
				SWIFT_VERSION = 3.0;
			};
			name = Debug;
		};
		AD5998CA1E361F95001BFA44 /* Release */ = {
			isa = XCBuildConfiguration;
			buildSettings = {
				ASSETCATALOG_COMPILER_APPICON_NAME = AppIcon;
				DEVELOPMENT_TEAM = E652RL5GJV;
				INFOPLIST_FILE = "Sound Board/Info.plist";
				LD_RUNPATH_SEARCH_PATHS = "$(inherited) @executable_path/Frameworks";
				PRODUCT_BUNDLE_IDENTIFIER = "com.crisscode.Sound-Board";
				PRODUCT_NAME = "$(TARGET_NAME)";
				SWIFT_VERSION = 3.0;
			};
			name = Release;
		};
/* End XCBuildConfiguration section */

/* Begin XCConfigurationList section */
		AD5998AE1E361F95001BFA44 /* Build configuration list for PBXProject "Sound Board" */ = {
			isa = XCConfigurationList;
			buildConfigurations = (
				AD5998C61E361F95001BFA44 /* Debug */,
				AD5998C71E361F95001BFA44 /* Release */,
			);
			defaultConfigurationIsVisible = 0;
			defaultConfigurationName = Release;
		};
		AD5998C81E361F95001BFA44 /* Build configuration list for PBXNativeTarget "Sound Board" */ = {
			isa = XCConfigurationList;
			buildConfigurations = (
				AD5998C91E361F95001BFA44 /* Debug */,
				AD5998CA1E361F95001BFA44 /* Release */,
			);
			defaultConfigurationIsVisible = 0;
		};
/* End XCConfigurationList section */

/* Begin XCVersionGroup section */
		AD5998BD1E361F95001BFA44 /* Sound_Board.xcdatamodeld */ = {
			isa = XCVersionGroup;
			children = (
				AD5998BE1E361F95001BFA44 /* Sound_Board.xcdatamodel */,
			);
			currentVersion = AD5998BE1E361F95001BFA44 /* Sound_Board.xcdatamodel */;
			path = Sound_Board.xcdatamodeld;
			sourceTree = "<group>";
			versionGroupType = wrapper.xcdatamodel;
		};
/* End XCVersionGroup section */
	};
	rootObject = AD5998AB1E361F95001BFA44 /* Project object */;
}
